
Microsoft Visual Studio Solution File, Format Version 12.00
# Visual Studio 15
VisualStudioVersion = 15.0.27428.2011
MinimumVisualStudioVersion = 10.0.40219.1
Project("{FAE04EC0-301F-11D3-BF4B-00C04F79EFBC}") = "MS-Bookings-Graph-Demo", "MS-Bookings-Graph-Demo\MS-Bookings-Graph-Demo.csproj", "{2D1B10A9-F1A6-4025-9C87-304E4D8C92BA}"
EndProject
Global
	GlobalSection(SolutionConfigurationPlatforms) = preSolution
		Debug|Any CPU = Debug|Any CPU
		Release|Any CPU = Release|Any CPU
	EndGlobalSection
	GlobalSection(ProjectConfigurationPlatforms) = postSolution
		{2D1B10A9-F1A6-4025-9C87-304E4D8C92BA}.Debug|Any CPU.ActiveCfg = Debug|Any CPU
		{2D1B10A9-F1A6-4025-9C87-304E4D8C92BA}.Debug|Any CPU.Build.0 = Debug|Any CPU
		{2D1B10A9-F1A6-4025-9C87-304E4D8C92BA}.Release|Any CPU.ActiveCfg = Release|Any CPU
		{2D1B10A9-F1A6-4025-9C87-304E4D8C92BA}.Release|Any CPU.Build.0 = Release|Any CPU
	EndGlobalSection
	GlobalSection(SolutionProperties) = preSolution
		HideSolutionNode = FALSE
	EndGlobalSection
	GlobalSection(ExtensibilityGlobals) = postSolution
		SolutionGuid = {57176230-54A3-4AF8-8E95-06CD187FC47D}
	EndGlobalSection
EndGlobal
